
Microsoft Visual Studio Solution File, Format Version 12.00
# Visual Studio Version 17
VisualStudioVersion = 17.4.33122.133
MinimumVisualStudioVersion = 10.0.40219.1
Project("{FAE04EC0-301F-11D3-BF4B-00C04F79EFBC}") = "DecouverteConsole", "DecouverteConsole\DecouverteConsole.csproj", "{C6C15FC4-7009-48A8-8227-D7D01B4B476B}"
EndProject
Global
	GlobalSection(SolutionConfigurationPlatforms) = preSolution
		Debug|Any CPU = Debug|Any CPU
		Release|Any CPU = Release|Any CPU
	EndGlobalSection
	GlobalSection(ProjectConfigurationPlatforms) = postSolution
		{C6C15FC4-7009-48A8-8227-D7D01B4B476B}.Debug|Any CPU.ActiveCfg = Debug|Any CPU
		{C6C15FC4-7009-48A8-8227-D7D01B4B476B}.Debug|Any CPU.Build.0 = Debug|Any CPU
		{C6C15FC4-7009-48A8-8227-D7D01B4B476B}.Release|Any CPU.ActiveCfg = Release|Any CPU
		{C6C15FC4-7009-48A8-8227-D7D01B4B476B}.Release|Any CPU.Build.0 = Release|Any CPU
	EndGlobalSection
	GlobalSection(SolutionProperties) = preSolution
		HideSolutionNode = FALSE
	EndGlobalSection
	GlobalSection(ExtensibilityGlobals) = postSolution
		SolutionGuid = {8A814898-54BE-4256-9BB7-606A467EC2F1}
	EndGlobalSection
EndGlobal
