
Microsoft Visual Studio Solution File, Format Version 12.00
# Visual Studio Version 17
VisualStudioVersion = 17.4.33122.133
MinimumVisualStudioVersion = 10.0.40219.1
Project("{2150E333-8FDC-42A3-9474-1A3956D46DE8}") = "Cours", "Cours", "{C9F4B36A-D976-4A9A-9175-84F19CE5783A}"
EndProject
Project("{2150E333-8FDC-42A3-9474-1A3956D46DE8}") = "Exo", "Exo", "{0EDDFF9F-B891-4EA7-B97B-CCDD90B6CB8C}"
EndProject
Project("{9A19103F-16F7-4668-BE54-9A1E7A4F7556}") = "DecouverteConsole", "Cours\DecouverteConsole\DecouverteConsole.csproj", "{8AC83E91-6F04-4A29-92B2-AFB99B5ACB75}"
EndProject
Project("{9A19103F-16F7-4668-BE54-9A1E7A4F7556}") = "LesVariables", "LesVariables\LesVariables.csproj", "{FA5D87CA-4413-4A9C-A842-77000BDFDFAC}"
EndProject
Project("{9A19103F-16F7-4668-BE54-9A1E7A4F7556}") = "LesOperateurs", "LesOperateurs\LesOperateurs.csproj", "{1B847000-F8CE-462D-B675-5538EEA5196E}"
EndProject
Project("{9A19103F-16F7-4668-BE54-9A1E7A4F7556}") = "exo1-AffichageConsole", "exo1-AffichageConsole\exo1-AffichageConsole.csproj", "{918B5EAB-C28B-4FF6-A583-4F9579D18BA8}"
EndProject
Project("{9A19103F-16F7-4668-BE54-9A1E7A4F7556}") = "exo2-Variable", "exo2-Variable\exo2-Variable.csproj", "{9CC64882-168A-4976-9E5D-C41BF34C3D9D}"
EndProject
Project("{9A19103F-16F7-4668-BE54-9A1E7A4F7556}") = "exo3-VariableString", "exo3-VariableString\exo3-VariableString.csproj", "{D4E73A81-CA66-44EA-82DD-CC308CE2CE46}"
EndProject
Project("{9A19103F-16F7-4668-BE54-9A1E7A4F7556}") = "exo4-5", "exo4-5\exo4-5.csproj", "{54923265-3D1F-43E5-8BD1-5D2FAD986E32}"
EndProject
Project("{9A19103F-16F7-4668-BE54-9A1E7A4F7556}") = "Exo-6", "Exo-6\Exo-6.csproj", "{E5BBF0F3-A0AF-43DA-AB20-B8A13E9AA456}"
EndProject
Project("{9A19103F-16F7-4668-BE54-9A1E7A4F7556}") = "exo7-Hypo", "exo7-Hypo\exo7-Hypo.csproj", "{3F4E0484-00BB-4462-A7E2-1520A174132D}"
EndProject
Project("{9A19103F-16F7-4668-BE54-9A1E7A4F7556}") = "exo8-TVA", "exo8-TVA\exo8-TVA.csproj", "{7C42E814-00AD-4A5D-94B4-0CCF6CECE2F6}"
EndProject
Project("{9A19103F-16F7-4668-BE54-9A1E7A4F7556}") = "Exo9-MontantInterets", "Exo9-MontantInterets\Exo9-MontantInterets.csproj", "{21DA3250-E48B-498A-91AD-498286F2B325}"
EndProject
Project("{FAE04EC0-301F-11D3-BF4B-00C04F79EFBC}") = "InstructionIfElse", "InstructionIfElse\InstructionIfElse.csproj", "{FCD5EBDC-90E2-4797-BAA8-9322AB0C88AA}"
EndProject
Global
	GlobalSection(SolutionConfigurationPlatforms) = preSolution
		Debug|Any CPU = Debug|Any CPU
		Release|Any CPU = Release|Any CPU
	EndGlobalSection
	GlobalSection(ProjectConfigurationPlatforms) = postSolution
		{8AC83E91-6F04-4A29-92B2-AFB99B5ACB75}.Debug|Any CPU.ActiveCfg = Debug|Any CPU
		{8AC83E91-6F04-4A29-92B2-AFB99B5ACB75}.Debug|Any CPU.Build.0 = Debug|Any CPU
		{8AC83E91-6F04-4A29-92B2-AFB99B5ACB75}.Release|Any CPU.ActiveCfg = Release|Any CPU
		{8AC83E91-6F04-4A29-92B2-AFB99B5ACB75}.Release|Any CPU.Build.0 = Release|Any CPU
		{FA5D87CA-4413-4A9C-A842-77000BDFDFAC}.Debug|Any CPU.ActiveCfg = Debug|Any CPU
		{FA5D87CA-4413-4A9C-A842-77000BDFDFAC}.Debug|Any CPU.Build.0 = Debug|Any CPU
		{FA5D87CA-4413-4A9C-A842-77000BDFDFAC}.Release|Any CPU.ActiveCfg = Release|Any CPU
		{FA5D87CA-4413-4A9C-A842-77000BDFDFAC}.Release|Any CPU.Build.0 = Release|Any CPU
		{1B847000-F8CE-462D-B675-5538EEA5196E}.Debug|Any CPU.ActiveCfg = Debug|Any CPU
		{1B847000-F8CE-462D-B675-5538EEA5196E}.Debug|Any CPU.Build.0 = Debug|Any CPU
		{1B847000-F8CE-462D-B675-5538EEA5196E}.Release|Any CPU.ActiveCfg = Release|Any CPU
		{1B847000-F8CE-462D-B675-5538EEA5196E}.Release|Any CPU.Build.0 = Release|Any CPU
		{918B5EAB-C28B-4FF6-A583-4F9579D18BA8}.Debug|Any CPU.ActiveCfg = Debug|Any CPU
		{918B5EAB-C28B-4FF6-A583-4F9579D18BA8}.Debug|Any CPU.Build.0 = Debug|Any CPU
		{918B5EAB-C28B-4FF6-A583-4F9579D18BA8}.Release|Any CPU.ActiveCfg = Release|Any CPU
		{918B5EAB-C28B-4FF6-A583-4F9579D18BA8}.Release|Any CPU.Build.0 = Release|Any CPU
		{9CC64882-168A-4976-9E5D-C41BF34C3D9D}.Debug|Any CPU.ActiveCfg = Debug|Any CPU
		{9CC64882-168A-4976-9E5D-C41BF34C3D9D}.Debug|Any CPU.Build.0 = Debug|Any CPU
		{9CC64882-168A-4976-9E5D-C41BF34C3D9D}.Release|Any CPU.ActiveCfg = Release|Any CPU
		{9CC64882-168A-4976-9E5D-C41BF34C3D9D}.Release|Any CPU.Build.0 = Release|Any CPU
		{D4E73A81-CA66-44EA-82DD-CC308CE2CE46}.Debug|Any CPU.ActiveCfg = Debug|Any CPU
		{D4E73A81-CA66-44EA-82DD-CC308CE2CE46}.Debug|Any CPU.Build.0 = Debug|Any CPU
		{D4E73A81-CA66-44EA-82DD-CC308CE2CE46}.Release|Any CPU.ActiveCfg = Release|Any CPU
		{D4E73A81-CA66-44EA-82DD-CC308CE2CE46}.Release|Any CPU.Build.0 = Release|Any CPU
		{54923265-3D1F-43E5-8BD1-5D2FAD986E32}.Debug|Any CPU.ActiveCfg = Debug|Any CPU
		{54923265-3D1F-43E5-8BD1-5D2FAD986E32}.Debug|Any CPU.Build.0 = Debug|Any CPU
		{54923265-3D1F-43E5-8BD1-5D2FAD986E32}.Release|Any CPU.ActiveCfg = Release|Any CPU
		{54923265-3D1F-43E5-8BD1-5D2FAD986E32}.Release|Any CPU.Build.0 = Release|Any CPU
		{E5BBF0F3-A0AF-43DA-AB20-B8A13E9AA456}.Debug|Any CPU.ActiveCfg = Debug|Any CPU
		{E5BBF0F3-A0AF-43DA-AB20-B8A13E9AA456}.Debug|Any CPU.Build.0 = Debug|Any CPU
		{E5BBF0F3-A0AF-43DA-AB20-B8A13E9AA456}.Release|Any CPU.ActiveCfg = Release|Any CPU
		{E5BBF0F3-A0AF-43DA-AB20-B8A13E9AA456}.Release|Any CPU.Build.0 = Release|Any CPU
		{3F4E0484-00BB-4462-A7E2-1520A174132D}.Debug|Any CPU.ActiveCfg = Debug|Any CPU
		{3F4E0484-00BB-4462-A7E2-1520A174132D}.Debug|Any CPU.Build.0 = Debug|Any CPU
		{3F4E0484-00BB-4462-A7E2-1520A174132D}.Release|Any CPU.ActiveCfg = Release|Any CPU
		{3F4E0484-00BB-4462-A7E2-1520A174132D}.Release|Any CPU.Build.0 = Release|Any CPU
		{7C42E814-00AD-4A5D-94B4-0CCF6CECE2F6}.Debug|Any CPU.ActiveCfg = Debug|Any CPU
		{7C42E814-00AD-4A5D-94B4-0CCF6CECE2F6}.Debug|Any CPU.Build.0 = Debug|Any CPU
		{7C42E814-00AD-4A5D-94B4-0CCF6CECE2F6}.Release|Any CPU.ActiveCfg = Release|Any CPU
		{7C42E814-00AD-4A5D-94B4-0CCF6CECE2F6}.Release|Any CPU.Build.0 = Release|Any CPU
		{21DA3250-E48B-498A-91AD-498286F2B325}.Debug|Any CPU.ActiveCfg = Debug|Any CPU
		{21DA3250-E48B-498A-91AD-498286F2B325}.Debug|Any CPU.Build.0 = Debug|Any CPU
		{21DA3250-E48B-498A-91AD-498286F2B325}.Release|Any CPU.ActiveCfg = Release|Any CPU
		{21DA3250-E48B-498A-91AD-498286F2B325}.Release|Any CPU.Build.0 = Release|Any CPU
		{FCD5EBDC-90E2-4797-BAA8-9322AB0C88AA}.Debug|Any CPU.ActiveCfg = Debug|Any CPU
		{FCD5EBDC-90E2-4797-BAA8-9322AB0C88AA}.Debug|Any CPU.Build.0 = Debug|Any CPU
		{FCD5EBDC-90E2-4797-BAA8-9322AB0C88AA}.Release|Any CPU.ActiveCfg = Release|Any CPU
		{FCD5EBDC-90E2-4797-BAA8-9322AB0C88AA}.Release|Any CPU.Build.0 = Release|Any CPU
	EndGlobalSection
	GlobalSection(SolutionProperties) = preSolution
		HideSolutionNode = FALSE
	EndGlobalSection
	GlobalSection(NestedProjects) = preSolution
		{8AC83E91-6F04-4A29-92B2-AFB99B5ACB75} = {C9F4B36A-D976-4A9A-9175-84F19CE5783A}
		{FA5D87CA-4413-4A9C-A842-77000BDFDFAC} = {C9F4B36A-D976-4A9A-9175-84F19CE5783A}
		{1B847000-F8CE-462D-B675-5538EEA5196E} = {C9F4B36A-D976-4A9A-9175-84F19CE5783A}
		{918B5EAB-C28B-4FF6-A583-4F9579D18BA8} = {0EDDFF9F-B891-4EA7-B97B-CCDD90B6CB8C}
		{9CC64882-168A-4976-9E5D-C41BF34C3D9D} = {0EDDFF9F-B891-4EA7-B97B-CCDD90B6CB8C}
		{D4E73A81-CA66-44EA-82DD-CC308CE2CE46} = {0EDDFF9F-B891-4EA7-B97B-CCDD90B6CB8C}
		{54923265-3D1F-43E5-8BD1-5D2FAD986E32} = {0EDDFF9F-B891-4EA7-B97B-CCDD90B6CB8C}
		{E5BBF0F3-A0AF-43DA-AB20-B8A13E9AA456} = {0EDDFF9F-B891-4EA7-B97B-CCDD90B6CB8C}
		{3F4E0484-00BB-4462-A7E2-1520A174132D} = {0EDDFF9F-B891-4EA7-B97B-CCDD90B6CB8C}
		{7C42E814-00AD-4A5D-94B4-0CCF6CECE2F6} = {0EDDFF9F-B891-4EA7-B97B-CCDD90B6CB8C}
		{21DA3250-E48B-498A-91AD-498286F2B325} = {0EDDFF9F-B891-4EA7-B97B-CCDD90B6CB8C}
		{FCD5EBDC-90E2-4797-BAA8-9322AB0C88AA} = {C9F4B36A-D976-4A9A-9175-84F19CE5783A}
	EndGlobalSection
	GlobalSection(ExtensibilityGlobals) = postSolution
		SolutionGuid = {36A58C45-208F-49D8-A837-CCCBAE63DCE5}
	EndGlobalSection
EndGlobal
